
Microsoft Visual Studio Solution File, Format Version 12.00
# Visual Studio 14
VisualStudioVersion = 14.0.25420.1
MinimumVisualStudioVersion = 10.0.40219.1
Project("{FAE04EC0-301F-11D3-BF4B-00C04F79EFBC}") = "ManicEngine", "ManicEngine\ManicEngine.csproj", "{FB086141-C016-47D1-8A5E-8B7B537F9D33}"
EndProject
Project("{FAE04EC0-301F-11D3-BF4B-00C04F79EFBC}") = "ConsoleGame", "ConsoleGame\ConsoleGame.csproj", "{AAEDF75F-5F0E-4B68-A8D8-C1B199801122}"
EndProject
Project("{2150E333-8FDC-42A3-9474-1A3956D46DE8}") = "Solution Items", "Solution Items", "{455EAD98-7613-470C-9293-1408CC32A4EE}"
	ProjectSection(SolutionItems) = preProject
		LICENSE = LICENSE
	EndProjectSection
EndProject
Project("{FAE04EC0-301F-11D3-BF4B-00C04F79EFBC}") = "ManicEngineTests", "ManicEngineTests\ManicEngineTests.csproj", "{69E5CD92-6D51-4D89-8445-9D9E9BCDCE3B}"
EndProject
Global
	GlobalSection(SolutionConfigurationPlatforms) = preSolution
		Debug|Any CPU = Debug|Any CPU
		Release|Any CPU = Release|Any CPU
	EndGlobalSection
	GlobalSection(ProjectConfigurationPlatforms) = postSolution
		{FB086141-C016-47D1-8A5E-8B7B537F9D33}.Debug|Any CPU.ActiveCfg = Debug|Any CPU
		{FB086141-C016-47D1-8A5E-8B7B537F9D33}.Debug|Any CPU.Build.0 = Debug|Any CPU
		{FB086141-C016-47D1-8A5E-8B7B537F9D33}.Release|Any CPU.ActiveCfg = Release|Any CPU
		{FB086141-C016-47D1-8A5E-8B7B537F9D33}.Release|Any CPU.Build.0 = Release|Any CPU
		{AAEDF75F-5F0E-4B68-A8D8-C1B199801122}.Debug|Any CPU.ActiveCfg = Debug|Any CPU
		{AAEDF75F-5F0E-4B68-A8D8-C1B199801122}.Debug|Any CPU.Build.0 = Debug|Any CPU
		{AAEDF75F-5F0E-4B68-A8D8-C1B199801122}.Release|Any CPU.ActiveCfg = Release|Any CPU
		{AAEDF75F-5F0E-4B68-A8D8-C1B199801122}.Release|Any CPU.Build.0 = Release|Any CPU
		{69E5CD92-6D51-4D89-8445-9D9E9BCDCE3B}.Debug|Any CPU.ActiveCfg = Debug|Any CPU
		{69E5CD92-6D51-4D89-8445-9D9E9BCDCE3B}.Debug|Any CPU.Build.0 = Debug|Any CPU
		{69E5CD92-6D51-4D89-8445-9D9E9BCDCE3B}.Release|Any CPU.ActiveCfg = Release|Any CPU
		{69E5CD92-6D51-4D89-8445-9D9E9BCDCE3B}.Release|Any CPU.Build.0 = Release|Any CPU
	EndGlobalSection
	GlobalSection(SolutionProperties) = preSolution
		HideSolutionNode = FALSE
	EndGlobalSection
EndGlobal
